
Microsoft Visual Studio Solution File, Format Version 12.00
# Visual Studio 14
VisualStudioVersion = 14.0.25420.1
MinimumVisualStudioVersion = 10.0.40219.1
Project("{FAE04EC0-301F-11D3-BF4B-00C04F79EFBC}") = "SliderPuzzle", "SliderPuzzle\SliderPuzzle\SliderPuzzle.csproj", "{74406C34-1F4B-4134-82A4-A50CE79EAA34}"
EndProject
Project("{FAE04EC0-301F-11D3-BF4B-00C04F79EFBC}") = "SliderPuzzle.Droid", "SliderPuzzle\SliderPuzzle.Droid\SliderPuzzle.Droid.csproj", "{976ED13B-7299-4E47-B7A2-A9531727E162}"
EndProject
Project("{FAE04EC0-301F-11D3-BF4B-00C04F79EFBC}") = "SliderPuzzle.iOS", "SliderPuzzle\SliderPuzzle.iOS\SliderPuzzle.iOS.csproj", "{795C44BC-0254-46B5-B273-79968FFAFA4D}"
EndProject
Project("{FAE04EC0-301F-11D3-BF4B-00C04F79EFBC}") = "SliderPuzzle.WinPhone", "SliderPuzzle\SliderPuzzle.WinPhone\SliderPuzzle.WinPhone.csproj", "{16BF3C4D-EA4F-40DE-A5B4-13058A4B55D6}"
EndProject
Project("{FAE04EC0-301F-11D3-BF4B-00C04F79EFBC}") = "SliderPuzzle.Windows", "SliderPuzzle\SliderPuzzle.Windows\SliderPuzzle.Windows.csproj", "{4B8E48BB-3D08-4A58-B237-3E24929B8AB0}"
EndProject
Global
	GlobalSection(SolutionConfigurationPlatforms) = preSolution
		Ad-Hoc|Any CPU = Ad-Hoc|Any CPU
		Ad-Hoc|ARM = Ad-Hoc|ARM
		Ad-Hoc|iPhone = Ad-Hoc|iPhone
		Ad-Hoc|iPhoneSimulator = Ad-Hoc|iPhoneSimulator
		Ad-Hoc|x64 = Ad-Hoc|x64
		Ad-Hoc|x86 = Ad-Hoc|x86
		AppStore|Any CPU = AppStore|Any CPU
		AppStore|ARM = AppStore|ARM
		AppStore|iPhone = AppStore|iPhone
		AppStore|iPhoneSimulator = AppStore|iPhoneSimulator
		AppStore|x64 = AppStore|x64
		AppStore|x86 = AppStore|x86
		Debug|Any CPU = Debug|Any CPU
		Debug|ARM = Debug|ARM
		Debug|iPhone = Debug|iPhone
		Debug|iPhoneSimulator = Debug|iPhoneSimulator
		Debug|x64 = Debug|x64
		Debug|x86 = Debug|x86
		Release|Any CPU = Release|Any CPU
		Release|ARM = Release|ARM
		Release|iPhone = Release|iPhone
		Release|iPhoneSimulator = Release|iPhoneSimulator
		Release|x64 = Release|x64
		Release|x86 = Release|x86
	EndGlobalSection
	GlobalSection(ProjectConfigurationPlatforms) = postSolution
		{74406C34-1F4B-4134-82A4-A50CE79EAA34}.Ad-Hoc|Any CPU.ActiveCfg = Release|Any CPU
		{74406C34-1F4B-4134-82A4-A50CE79EAA34}.Ad-Hoc|Any CPU.Build.0 = Release|Any CPU
		{74406C34-1F4B-4134-82A4-A50CE79EAA34}.Ad-Hoc|ARM.ActiveCfg = Release|Any CPU
		{74406C34-1F4B-4134-82A4-A50CE79EAA34}.Ad-Hoc|ARM.Build.0 = Release|Any CPU
		{74406C34-1F4B-4134-82A4-A50CE79EAA34}.Ad-Hoc|iPhone.ActiveCfg = Release|Any CPU
		{74406C34-1F4B-4134-82A4-A50CE79EAA34}.Ad-Hoc|iPhone.Build.0 = Release|Any CPU
		{74406C34-1F4B-4134-82A4-A50CE79EAA34}.Ad-Hoc|iPhoneSimulator.ActiveCfg = Release|Any CPU
		{74406C34-1F4B-4134-82A4-A50CE79EAA34}.Ad-Hoc|iPhoneSimulator.Build.0 = Release|Any CPU
		{74406C34-1F4B-4134-82A4-A50CE79EAA34}.Ad-Hoc|x64.ActiveCfg = Release|Any CPU
		{74406C34-1F4B-4134-82A4-A50CE79EAA34}.Ad-Hoc|x64.Build.0 = Release|Any CPU
		{74406C34-1F4B-4134-82A4-A50CE79EAA34}.Ad-Hoc|x86.ActiveCfg = Release|Any CPU
		{74406C34-1F4B-4134-82A4-A50CE79EAA34}.Ad-Hoc|x86.Build.0 = Release|Any CPU
		{74406C34-1F4B-4134-82A4-A50CE79EAA34}.AppStore|Any CPU.ActiveCfg = Release|Any CPU
		{74406C34-1F4B-4134-82A4-A50CE79EAA34}.AppStore|Any CPU.Build.0 = Release|Any CPU
		{74406C34-1F4B-4134-82A4-A50CE79EAA34}.AppStore|ARM.ActiveCfg = Release|Any CPU
		{74406C34-1F4B-4134-82A4-A50CE79EAA34}.AppStore|ARM.Build.0 = Release|Any CPU
		{74406C34-1F4B-4134-82A4-A50CE79EAA34}.AppStore|iPhone.ActiveCfg = Release|Any CPU
		{74406C34-1F4B-4134-82A4-A50CE79EAA34}.AppStore|iPhone.Build.0 = Release|Any CPU
		{74406C34-1F4B-4134-82A4-A50CE79EAA34}.AppStore|iPhoneSimulator.ActiveCfg = Release|Any CPU
		{74406C34-1F4B-4134-82A4-A50CE79EAA34}.AppStore|iPhoneSimulator.Build.0 = Release|Any CPU
		{74406C34-1F4B-4134-82A4-A50CE79EAA34}.AppStore|x64.ActiveCfg = Release|Any CPU
		{74406C34-1F4B-4134-82A4-A50CE79EAA34}.AppStore|x64.Build.0 = Release|Any CPU
		{74406C34-1F4B-4134-82A4-A50CE79EAA34}.AppStore|x86.ActiveCfg = Release|Any CPU
		{74406C34-1F4B-4134-82A4-A50CE79EAA34}.AppStore|x86.Build.0 = Release|Any CPU
		{74406C34-1F4B-4134-82A4-A50CE79EAA34}.Debug|Any CPU.ActiveCfg = Debug|Any CPU
		{74406C34-1F4B-4134-82A4-A50CE79EAA34}.Debug|Any CPU.Build.0 = Debug|Any CPU
		{74406C34-1F4B-4134-82A4-A50CE79EAA34}.Debug|ARM.ActiveCfg = Debug|Any CPU
		{74406C34-1F4B-4134-82A4-A50CE79EAA34}.Debug|ARM.Build.0 = Debug|Any CPU
		{74406C34-1F4B-4134-82A4-A50CE79EAA34}.Debug|iPhone.ActiveCfg = Debug|Any CPU
		{74406C34-1F4B-4134-82A4-A50CE79EAA34}.Debug|iPhone.Build.0 = Debug|Any CPU
		{74406C34-1F4B-4134-82A4-A50CE79EAA34}.Debug|iPhoneSimulator.ActiveCfg = Debug|Any CPU
		{74406C34-1F4B-4134-82A4-A50CE79EAA34}.Debug|iPhoneSimulator.Build.0 = Debug|Any CPU
		{74406C34-1F4B-4134-82A4-A50CE79EAA34}.Debug|x64.ActiveCfg = Debug|Any CPU
		{74406C34-1F4B-4134-82A4-A50CE79EAA34}.Debug|x64.Build.0 = Debug|Any CPU
		{74406C34-1F4B-4134-82A4-A50CE79EAA34}.Debug|x86.ActiveCfg = Debug|Any CPU
		{74406C34-1F4B-4134-82A4-A50CE79EAA34}.Debug|x86.Build.0 = Debug|Any CPU
		{74406C34-1F4B-4134-82A4-A50CE79EAA34}.Release|Any CPU.ActiveCfg = Release|Any CPU
		{74406C34-1F4B-4134-82A4-A50CE79EAA34}.Release|Any CPU.Build.0 = Release|Any CPU
		{74406C34-1F4B-4134-82A4-A50CE79EAA34}.Release|ARM.ActiveCfg = Release|Any CPU
		{74406C34-1F4B-4134-82A4-A50CE79EAA34}.Release|ARM.Build.0 = Release|Any CPU
		{74406C34-1F4B-4134-82A4-A50CE79EAA34}.Release|iPhone.ActiveCfg = Release|Any CPU
		{74406C34-1F4B-4134-82A4-A50CE79EAA34}.Release|iPhone.Build.0 = Release|Any CPU
		{74406C34-1F4B-4134-82A4-A50CE79EAA34}.Release|iPhoneSimulator.ActiveCfg = Release|Any CPU
		{74406C34-1F4B-4134-82A4-A50CE79EAA34}.Release|iPhoneSimulator.Build.0 = Release|Any CPU
		{74406C34-1F4B-4134-82A4-A50CE79EAA34}.Release|x64.ActiveCfg = Release|Any CPU
		{74406C34-1F4B-4134-82A4-A50CE79EAA34}.Release|x64.Build.0 = Release|Any CPU
		{74406C34-1F4B-4134-82A4-A50CE79EAA34}.Release|x86.ActiveCfg = Release|Any CPU
		{74406C34-1F4B-4134-82A4-A50CE79EAA34}.Release|x86.Build.0 = Release|Any CPU
		{976ED13B-7299-4E47-B7A2-A9531727E162}.Ad-Hoc|Any CPU.ActiveCfg = Release|Any CPU
		{976ED13B-7299-4E47-B7A2-A9531727E162}.Ad-Hoc|Any CPU.Build.0 = Release|Any CPU
		{976ED13B-7299-4E47-B7A2-A9531727E162}.Ad-Hoc|Any CPU.Deploy.0 = Release|Any CPU
		{976ED13B-7299-4E47-B7A2-A9531727E162}.Ad-Hoc|ARM.ActiveCfg = Release|Any CPU
		{976ED13B-7299-4E47-B7A2-A9531727E162}.Ad-Hoc|ARM.Build.0 = Release|Any CPU
		{976ED13B-7299-4E47-B7A2-A9531727E162}.Ad-Hoc|ARM.Deploy.0 = Release|Any CPU
		{976ED13B-7299-4E47-B7A2-A9531727E162}.Ad-Hoc|iPhone.ActiveCfg = Release|Any CPU
		{976ED13B-7299-4E47-B7A2-A9531727E162}.Ad-Hoc|iPhone.Build.0 = Release|Any CPU
		{976ED13B-7299-4E47-B7A2-A9531727E162}.Ad-Hoc|iPhone.Deploy.0 = Release|Any CPU
		{976ED13B-7299-4E47-B7A2-A9531727E162}.Ad-Hoc|iPhoneSimulator.ActiveCfg = Release|Any CPU
		{976ED13B-7299-4E47-B7A2-A9531727E162}.Ad-Hoc|iPhoneSimulator.Build.0 = Release|Any CPU
		{976ED13B-7299-4E47-B7A2-A9531727E162}.Ad-Hoc|iPhoneSimulator.Deploy.0 = Release|Any CPU
		{976ED13B-7299-4E47-B7A2-A9531727E162}.Ad-Hoc|x64.ActiveCfg = Release|Any CPU
		{976ED13B-7299-4E47-B7A2-A9531727E162}.Ad-Hoc|x64.Build.0 = Release|Any CPU
		{976ED13B-7299-4E47-B7A2-A9531727E162}.Ad-Hoc|x64.Deploy.0 = Release|Any CPU
		{976ED13B-7299-4E47-B7A2-A9531727E162}.Ad-Hoc|x86.ActiveCfg = Release|Any CPU
		{976ED13B-7299-4E47-B7A2-A9531727E162}.Ad-Hoc|x86.Build.0 = Release|Any CPU
		{976ED13B-7299-4E47-B7A2-A9531727E162}.Ad-Hoc|x86.Deploy.0 = Release|Any CPU
		{976ED13B-7299-4E47-B7A2-A9531727E162}.AppStore|Any CPU.ActiveCfg = Release|Any CPU
		{976ED13B-7299-4E47-B7A2-A9531727E162}.AppStore|Any CPU.Build.0 = Release|Any CPU
		{976ED13B-7299-4E47-B7A2-A9531727E162}.AppStore|Any CPU.Deploy.0 = Release|Any CPU
		{976ED13B-7299-4E47-B7A2-A9531727E162}.AppStore|ARM.ActiveCfg = Release|Any CPU
		{976ED13B-7299-4E47-B7A2-A9531727E162}.AppStore|ARM.Build.0 = Release|Any CPU
		{976ED13B-7299-4E47-B7A2-A9531727E162}.AppStore|ARM.Deploy.0 = Release|Any CPU
		{976ED13B-7299-4E47-B7A2-A9531727E162}.AppStore|iPhone.ActiveCfg = Release|Any CPU
		{976ED13B-7299-4E47-B7A2-A9531727E162}.AppStore|iPhone.Build.0 = Release|Any CPU
		{976ED13B-7299-4E47-B7A2-A9531727E162}.AppStore|iPhone.Deploy.0 = Release|Any CPU
		{976ED13B-7299-4E47-B7A2-A9531727E162}.AppStore|iPhoneSimulator.ActiveCfg = Release|Any CPU
		{976ED13B-7299-4E47-B7A2-A9531727E162}.AppStore|iPhoneSimulator.Build.0 = Release|Any CPU
		{976ED13B-7299-4E47-B7A2-A9531727E162}.AppStore|iPhoneSimulator.Deploy.0 = Release|Any CPU
		{976ED13B-7299-4E47-B7A2-A9531727E162}.AppStore|x64.ActiveCfg = Release|Any CPU
		{976ED13B-7299-4E47-B7A2-A9531727E162}.AppStore|x64.Build.0 = Release|Any CPU
		{976ED13B-7299-4E47-B7A2-A9531727E162}.AppStore|x64.Deploy.0 = Release|Any CPU
		{976ED13B-7299-4E47-B7A2-A9531727E162}.AppStore|x86.ActiveCfg = Release|Any CPU
		{976ED13B-7299-4E47-B7A2-A9531727E162}.AppStore|x86.Build.0 = Release|Any CPU
		{976ED13B-7299-4E47-B7A2-A9531727E162}.AppStore|x86.Deploy.0 = Release|Any CPU
		{976ED13B-7299-4E47-B7A2-A9531727E162}.Debug|Any CPU.ActiveCfg = Debug|Any CPU
		{976ED13B-7299-4E47-B7A2-A9531727E162}.Debug|Any CPU.Build.0 = Debug|Any CPU
		{976ED13B-7299-4E47-B7A2-A9531727E162}.Debug|Any CPU.Deploy.0 = Debug|Any CPU
		{976ED13B-7299-4E47-B7A2-A9531727E162}.Debug|ARM.ActiveCfg = Debug|Any CPU
		{976ED13B-7299-4E47-B7A2-A9531727E162}.Debug|ARM.Build.0 = Debug|Any CPU
		{976ED13B-7299-4E47-B7A2-A9531727E162}.Debug|ARM.Deploy.0 = Debug|Any CPU
		{976ED13B-7299-4E47-B7A2-A9531727E162}.Debug|iPhone.ActiveCfg = Debug|Any CPU
		{976ED13B-7299-4E47-B7A2-A9531727E162}.Debug|iPhone.Build.0 = Debug|Any CPU
		{976ED13B-7299-4E47-B7A2-A9531727E162}.Debug|iPhone.Deploy.0 = Debug|Any CPU
		{976ED13B-7299-4E47-B7A2-A9531727E162}.Debug|iPhoneSimulator.ActiveCfg = Debug|Any CPU
		{976ED13B-7299-4E47-B7A2-A9531727E162}.Debug|iPhoneSimulator.Build.0 = Debug|Any CPU
		{976ED13B-7299-4E47-B7A2-A9531727E162}.Debug|iPhoneSimulator.Deploy.0 = Debug|Any CPU
		{976ED13B-7299-4E47-B7A2-A9531727E162}.Debug|x64.ActiveCfg = Debug|Any CPU
		{976ED13B-7299-4E47-B7A2-A9531727E162}.Debug|x64.Build.0 = Debug|Any CPU
		{976ED13B-7299-4E47-B7A2-A9531727E162}.Debug|x64.Deploy.0 = Debug|Any CPU
		{976ED13B-7299-4E47-B7A2-A9531727E162}.Debug|x86.ActiveCfg = Debug|Any CPU
		{976ED13B-7299-4E47-B7A2-A9531727E162}.Debug|x86.Build.0 = Debug|Any CPU
		{976ED13B-7299-4E47-B7A2-A9531727E162}.Debug|x86.Deploy.0 = Debug|Any CPU
		{976ED13B-7299-4E47-B7A2-A9531727E162}.Release|Any CPU.ActiveCfg = Release|Any CPU
		{976ED13B-7299-4E47-B7A2-A9531727E162}.Release|Any CPU.Build.0 = Release|Any CPU
		{976ED13B-7299-4E47-B7A2-A9531727E162}.Release|Any CPU.Deploy.0 = Release|Any CPU
		{976ED13B-7299-4E47-B7A2-A9531727E162}.Release|ARM.ActiveCfg = Release|Any CPU
		{976ED13B-7299-4E47-B7A2-A9531727E162}.Release|ARM.Build.0 = Release|Any CPU
		{976ED13B-7299-4E47-B7A2-A9531727E162}.Release|ARM.Deploy.0 = Release|Any CPU
		{976ED13B-7299-4E47-B7A2-A9531727E162}.Release|iPhone.ActiveCfg = Release|Any CPU
		{976ED13B-7299-4E47-B7A2-A9531727E162}.Release|iPhone.Build.0 = Release|Any CPU
		{976ED13B-7299-4E47-B7A2-A9531727E162}.Release|iPhone.Deploy.0 = Release|Any CPU
		{976ED13B-7299-4E47-B7A2-A9531727E162}.Release|iPhoneSimulator.ActiveCfg = Release|Any CPU
		{976ED13B-7299-4E47-B7A2-A9531727E162}.Release|iPhoneSimulator.Build.0 = Release|Any CPU
		{976ED13B-7299-4E47-B7A2-A9531727E162}.Release|iPhoneSimulator.Deploy.0 = Release|Any CPU
		{976ED13B-7299-4E47-B7A2-A9531727E162}.Release|x64.ActiveCfg = Release|Any CPU
		{976ED13B-7299-4E47-B7A2-A9531727E162}.Release|x64.Build.0 = Release|Any CPU
		{976ED13B-7299-4E47-B7A2-A9531727E162}.Release|x64.Deploy.0 = Release|Any CPU
		{976ED13B-7299-4E47-B7A2-A9531727E162}.Release|x86.ActiveCfg = Release|Any CPU
		{976ED13B-7299-4E47-B7A2-A9531727E162}.Release|x86.Build.0 = Release|Any CPU
		{976ED13B-7299-4E47-B7A2-A9531727E162}.Release|x86.Deploy.0 = Release|Any CPU
		{795C44BC-0254-46B5-B273-79968FFAFA4D}.Ad-Hoc|Any CPU.ActiveCfg = Ad-Hoc|iPhone
		{795C44BC-0254-46B5-B273-79968FFAFA4D}.Ad-Hoc|ARM.ActiveCfg = Ad-Hoc|iPhone
		{795C44BC-0254-46B5-B273-79968FFAFA4D}.Ad-Hoc|iPhone.ActiveCfg = Ad-Hoc|iPhone
		{795C44BC-0254-46B5-B273-79968FFAFA4D}.Ad-Hoc|iPhone.Build.0 = Ad-Hoc|iPhone
		{795C44BC-0254-46B5-B273-79968FFAFA4D}.Ad-Hoc|iPhoneSimulator.ActiveCfg = Ad-Hoc|iPhoneSimulator
		{795C44BC-0254-46B5-B273-79968FFAFA4D}.Ad-Hoc|iPhoneSimulator.Build.0 = Ad-Hoc|iPhoneSimulator
		{795C44BC-0254-46B5-B273-79968FFAFA4D}.Ad-Hoc|x64.ActiveCfg = Ad-Hoc|iPhone
		{795C44BC-0254-46B5-B273-79968FFAFA4D}.Ad-Hoc|x86.ActiveCfg = Ad-Hoc|iPhone
		{795C44BC-0254-46B5-B273-79968FFAFA4D}.AppStore|Any CPU.ActiveCfg = AppStore|iPhone
		{795C44BC-0254-46B5-B273-79968FFAFA4D}.AppStore|ARM.ActiveCfg = AppStore|iPhone
		{795C44BC-0254-46B5-B273-79968FFAFA4D}.AppStore|iPhone.ActiveCfg = AppStore|iPhone
		{795C44BC-0254-46B5-B273-79968FFAFA4D}.AppStore|iPhone.Build.0 = AppStore|iPhone
		{795C44BC-0254-46B5-B273-79968FFAFA4D}.AppStore|iPhoneSimulator.ActiveCfg = AppStore|iPhoneSimulator
		{795C44BC-0254-46B5-B273-79968FFAFA4D}.AppStore|iPhoneSimulator.Build.0 = AppStore|iPhoneSimulator
		{795C44BC-0254-46B5-B273-79968FFAFA4D}.AppStore|x64.ActiveCfg = AppStore|iPhone
		{795C44BC-0254-46B5-B273-79968FFAFA4D}.AppStore|x86.ActiveCfg = AppStore|iPhone
		{795C44BC-0254-46B5-B273-79968FFAFA4D}.Debug|Any CPU.ActiveCfg = Debug|iPhone
		{795C44BC-0254-46B5-B273-79968FFAFA4D}.Debug|ARM.ActiveCfg = Debug|iPhone
		{795C44BC-0254-46B5-B273-79968FFAFA4D}.Debug|iPhone.ActiveCfg = Debug|iPhone
		{795C44BC-0254-46B5-B273-79968FFAFA4D}.Debug|iPhone.Build.0 = Debug|iPhone
		{795C44BC-0254-46B5-B273-79968FFAFA4D}.Debug|iPhoneSimulator.ActiveCfg = Debug|iPhoneSimulator
		{795C44BC-0254-46B5-B273-79968FFAFA4D}.Debug|iPhoneSimulator.Build.0 = Debug|iPhoneSimulator
		{795C44BC-0254-46B5-B273-79968FFAFA4D}.Debug|x64.ActiveCfg = Debug|iPhone
		{795C44BC-0254-46B5-B273-79968FFAFA4D}.Debug|x86.ActiveCfg = Debug|iPhone
		{795C44BC-0254-46B5-B273-79968FFAFA4D}.Release|Any CPU.ActiveCfg = Release|iPhone
		{795C44BC-0254-46B5-B273-79968FFAFA4D}.Release|ARM.ActiveCfg = Release|iPhone
		{795C44BC-0254-46B5-B273-79968FFAFA4D}.Release|iPhone.ActiveCfg = Release|iPhone
		{795C44BC-0254-46B5-B273-79968FFAFA4D}.Release|iPhone.Build.0 = Release|iPhone
		{795C44BC-0254-46B5-B273-79968FFAFA4D}.Release|iPhoneSimulator.ActiveCfg = Release|iPhoneSimulator
		{795C44BC-0254-46B5-B273-79968FFAFA4D}.Release|iPhoneSimulator.Build.0 = Release|iPhoneSimulator
		{795C44BC-0254-46B5-B273-79968FFAFA4D}.Release|x64.ActiveCfg = Release|iPhone
		{795C44BC-0254-46B5-B273-79968FFAFA4D}.Release|x86.ActiveCfg = Release|iPhone
		{16BF3C4D-EA4F-40DE-A5B4-13058A4B55D6}.Ad-Hoc|Any CPU.ActiveCfg = Release|Any CPU
		{16BF3C4D-EA4F-40DE-A5B4-13058A4B55D6}.Ad-Hoc|Any CPU.Build.0 = Release|Any CPU
		{16BF3C4D-EA4F-40DE-A5B4-13058A4B55D6}.Ad-Hoc|Any CPU.Deploy.0 = Release|Any CPU
		{16BF3C4D-EA4F-40DE-A5B4-13058A4B55D6}.Ad-Hoc|ARM.ActiveCfg = Release|ARM
		{16BF3C4D-EA4F-40DE-A5B4-13058A4B55D6}.Ad-Hoc|ARM.Build.0 = Release|ARM
		{16BF3C4D-EA4F-40DE-A5B4-13058A4B55D6}.Ad-Hoc|ARM.Deploy.0 = Release|ARM
		{16BF3C4D-EA4F-40DE-A5B4-13058A4B55D6}.Ad-Hoc|iPhone.ActiveCfg = Release|Any CPU
		{16BF3C4D-EA4F-40DE-A5B4-13058A4B55D6}.Ad-Hoc|iPhone.Build.0 = Release|Any CPU
		{16BF3C4D-EA4F-40DE-A5B4-13058A4B55D6}.Ad-Hoc|iPhone.Deploy.0 = Release|Any CPU
		{16BF3C4D-EA4F-40DE-A5B4-13058A4B55D6}.Ad-Hoc|iPhoneSimulator.ActiveCfg = Release|Any CPU
		{16BF3C4D-EA4F-40DE-A5B4-13058A4B55D6}.Ad-Hoc|iPhoneSimulator.Build.0 = Release|Any CPU
		{16BF3C4D-EA4F-40DE-A5B4-13058A4B55D6}.Ad-Hoc|iPhoneSimulator.Deploy.0 = Release|Any CPU
		{16BF3C4D-EA4F-40DE-A5B4-13058A4B55D6}.Ad-Hoc|x64.ActiveCfg = Release|Any CPU
		{16BF3C4D-EA4F-40DE-A5B4-13058A4B55D6}.Ad-Hoc|x64.Build.0 = Release|Any CPU
		{16BF3C4D-EA4F-40DE-A5B4-13058A4B55D6}.Ad-Hoc|x64.Deploy.0 = Release|Any CPU
		{16BF3C4D-EA4F-40DE-A5B4-13058A4B55D6}.Ad-Hoc|x86.ActiveCfg = Release|x86
		{16BF3C4D-EA4F-40DE-A5B4-13058A4B55D6}.Ad-Hoc|x86.Build.0 = Release|x86
		{16BF3C4D-EA4F-40DE-A5B4-13058A4B55D6}.Ad-Hoc|x86.Deploy.0 = Release|x86
		{16BF3C4D-EA4F-40DE-A5B4-13058A4B55D6}.AppStore|Any CPU.ActiveCfg = Release|Any CPU
		{16BF3C4D-EA4F-40DE-A5B4-13058A4B55D6}.AppStore|Any CPU.Build.0 = Release|Any CPU
		{16BF3C4D-EA4F-40DE-A5B4-13058A4B55D6}.AppStore|Any CPU.Deploy.0 = Release|Any CPU
		{16BF3C4D-EA4F-40DE-A5B4-13058A4B55D6}.AppStore|ARM.ActiveCfg = Release|ARM
		{16BF3C4D-EA4F-40DE-A5B4-13058A4B55D6}.AppStore|ARM.Build.0 = Release|ARM
		{16BF3C4D-EA4F-40DE-A5B4-13058A4B55D6}.AppStore|ARM.Deploy.0 = Release|ARM
		{16BF3C4D-EA4F-40DE-A5B4-13058A4B55D6}.AppStore|iPhone.ActiveCfg = Release|Any CPU
		{16BF3C4D-EA4F-40DE-A5B4-13058A4B55D6}.AppStore|iPhone.Build.0 = Release|Any CPU
		{16BF3C4D-EA4F-40DE-A5B4-13058A4B55D6}.AppStore|iPhone.Deploy.0 = Release|Any CPU
		{16BF3C4D-EA4F-40DE-A5B4-13058A4B55D6}.AppStore|iPhoneSimulator.ActiveCfg = Release|Any CPU
		{16BF3C4D-EA4F-40DE-A5B4-13058A4B55D6}.AppStore|iPhoneSimulator.Build.0 = Release|Any CPU
		{16BF3C4D-EA4F-40DE-A5B4-13058A4B55D6}.AppStore|iPhoneSimulator.Deploy.0 = Release|Any CPU
		{16BF3C4D-EA4F-40DE-A5B4-13058A4B55D6}.AppStore|x64.ActiveCfg = Release|Any CPU
		{16BF3C4D-EA4F-40DE-A5B4-13058A4B55D6}.AppStore|x64.Build.0 = Release|Any CPU
		{16BF3C4D-EA4F-40DE-A5B4-13058A4B55D6}.AppStore|x64.Deploy.0 = Release|Any CPU
		{16BF3C4D-EA4F-40DE-A5B4-13058A4B55D6}.AppStore|x86.ActiveCfg = Release|x86
		{16BF3C4D-EA4F-40DE-A5B4-13058A4B55D6}.AppStore|x86.Build.0 = Release|x86
		{16BF3C4D-EA4F-40DE-A5B4-13058A4B55D6}.AppStore|x86.Deploy.0 = Release|x86
		{16BF3C4D-EA4F-40DE-A5B4-13058A4B55D6}.Debug|Any CPU.ActiveCfg = Debug|Any CPU
		{16BF3C4D-EA4F-40DE-A5B4-13058A4B55D6}.Debug|Any CPU.Build.0 = Debug|Any CPU
		{16BF3C4D-EA4F-40DE-A5B4-13058A4B55D6}.Debug|Any CPU.Deploy.0 = Debug|Any CPU
		{16BF3C4D-EA4F-40DE-A5B4-13058A4B55D6}.Debug|ARM.ActiveCfg = Debug|ARM
		{16BF3C4D-EA4F-40DE-A5B4-13058A4B55D6}.Debug|ARM.Build.0 = Debug|ARM
		{16BF3C4D-EA4F-40DE-A5B4-13058A4B55D6}.Debug|ARM.Deploy.0 = Debug|ARM
		{16BF3C4D-EA4F-40DE-A5B4-13058A4B55D6}.Debug|iPhone.ActiveCfg = Debug|Any CPU
		{16BF3C4D-EA4F-40DE-A5B4-13058A4B55D6}.Debug|iPhone.Build.0 = Debug|Any CPU
		{16BF3C4D-EA4F-40DE-A5B4-13058A4B55D6}.Debug|iPhone.Deploy.0 = Debug|Any CPU
		{16BF3C4D-EA4F-40DE-A5B4-13058A4B55D6}.Debug|iPhoneSimulator.ActiveCfg = Debug|Any CPU
		{16BF3C4D-EA4F-40DE-A5B4-13058A4B55D6}.Debug|iPhoneSimulator.Build.0 = Debug|Any CPU
		{16BF3C4D-EA4F-40DE-A5B4-13058A4B55D6}.Debug|iPhoneSimulator.Deploy.0 = Debug|Any CPU
		{16BF3C4D-EA4F-40DE-A5B4-13058A4B55D6}.Debug|x64.ActiveCfg = Debug|Any CPU
		{16BF3C4D-EA4F-40DE-A5B4-13058A4B55D6}.Debug|x64.Build.0 = Debug|Any CPU
		{16BF3C4D-EA4F-40DE-A5B4-13058A4B55D6}.Debug|x64.Deploy.0 = Debug|Any CPU
		{16BF3C4D-EA4F-40DE-A5B4-13058A4B55D6}.Debug|x86.ActiveCfg = Debug|x86
		{16BF3C4D-EA4F-40DE-A5B4-13058A4B55D6}.Debug|x86.Build.0 = Debug|x86
		{16BF3C4D-EA4F-40DE-A5B4-13058A4B55D6}.Debug|x86.Deploy.0 = Debug|x86
		{16BF3C4D-EA4F-40DE-A5B4-13058A4B55D6}.Release|Any CPU.ActiveCfg = Release|Any CPU
		{16BF3C4D-EA4F-40DE-A5B4-13058A4B55D6}.Release|Any CPU.Build.0 = Release|Any CPU
		{16BF3C4D-EA4F-40DE-A5B4-13058A4B55D6}.Release|Any CPU.Deploy.0 = Release|Any CPU
		{16BF3C4D-EA4F-40DE-A5B4-13058A4B55D6}.Release|ARM.ActiveCfg = Release|ARM
		{16BF3C4D-EA4F-40DE-A5B4-13058A4B55D6}.Release|ARM.Build.0 = Release|ARM
		{16BF3C4D-EA4F-40DE-A5B4-13058A4B55D6}.Release|ARM.Deploy.0 = Release|ARM
		{16BF3C4D-EA4F-40DE-A5B4-13058A4B55D6}.Release|iPhone.ActiveCfg = Release|Any CPU
		{16BF3C4D-EA4F-40DE-A5B4-13058A4B55D6}.Release|iPhone.Build.0 = Release|Any CPU
		{16BF3C4D-EA4F-40DE-A5B4-13058A4B55D6}.Release|iPhone.Deploy.0 = Release|Any CPU
		{16BF3C4D-EA4F-40DE-A5B4-13058A4B55D6}.Release|iPhoneSimulator.ActiveCfg = Release|Any CPU
		{16BF3C4D-EA4F-40DE-A5B4-13058A4B55D6}.Release|iPhoneSimulator.Build.0 = Release|Any CPU
		{16BF3C4D-EA4F-40DE-A5B4-13058A4B55D6}.Release|iPhoneSimulator.Deploy.0 = Release|Any CPU
		{16BF3C4D-EA4F-40DE-A5B4-13058A4B55D6}.Release|x64.ActiveCfg = Release|Any CPU
		{16BF3C4D-EA4F-40DE-A5B4-13058A4B55D6}.Release|x64.Build.0 = Release|Any CPU
		{16BF3C4D-EA4F-40DE-A5B4-13058A4B55D6}.Release|x64.Deploy.0 = Release|Any CPU
		{16BF3C4D-EA4F-40DE-A5B4-13058A4B55D6}.Release|x86.ActiveCfg = Release|x86
		{16BF3C4D-EA4F-40DE-A5B4-13058A4B55D6}.Release|x86.Build.0 = Release|x86
		{16BF3C4D-EA4F-40DE-A5B4-13058A4B55D6}.Release|x86.Deploy.0 = Release|x86
		{4B8E48BB-3D08-4A58-B237-3E24929B8AB0}.Ad-Hoc|Any CPU.ActiveCfg = Release|Any CPU
		{4B8E48BB-3D08-4A58-B237-3E24929B8AB0}.Ad-Hoc|Any CPU.Build.0 = Release|Any CPU
		{4B8E48BB-3D08-4A58-B237-3E24929B8AB0}.Ad-Hoc|Any CPU.Deploy.0 = Release|Any CPU
		{4B8E48BB-3D08-4A58-B237-3E24929B8AB0}.Ad-Hoc|ARM.ActiveCfg = Release|ARM
		{4B8E48BB-3D08-4A58-B237-3E24929B8AB0}.Ad-Hoc|ARM.Build.0 = Release|ARM
		{4B8E48BB-3D08-4A58-B237-3E24929B8AB0}.Ad-Hoc|ARM.Deploy.0 = Release|ARM
		{4B8E48BB-3D08-4A58-B237-3E24929B8AB0}.Ad-Hoc|iPhone.ActiveCfg = Release|Any CPU
		{4B8E48BB-3D08-4A58-B237-3E24929B8AB0}.Ad-Hoc|iPhone.Build.0 = Release|Any CPU
		{4B8E48BB-3D08-4A58-B237-3E24929B8AB0}.Ad-Hoc|iPhone.Deploy.0 = Release|Any CPU
		{4B8E48BB-3D08-4A58-B237-3E24929B8AB0}.Ad-Hoc|iPhoneSimulator.ActiveCfg = Release|Any CPU
		{4B8E48BB-3D08-4A58-B237-3E24929B8AB0}.Ad-Hoc|iPhoneSimulator.Build.0 = Release|Any CPU
		{4B8E48BB-3D08-4A58-B237-3E24929B8AB0}.Ad-Hoc|iPhoneSimulator.Deploy.0 = Release|Any CPU
		{4B8E48BB-3D08-4A58-B237-3E24929B8AB0}.Ad-Hoc|x64.ActiveCfg = Release|x64
		{4B8E48BB-3D08-4A58-B237-3E24929B8AB0}.Ad-Hoc|x64.Build.0 = Release|x64
		{4B8E48BB-3D08-4A58-B237-3E24929B8AB0}.Ad-Hoc|x64.Deploy.0 = Release|x64
		{4B8E48BB-3D08-4A58-B237-3E24929B8AB0}.Ad-Hoc|x86.ActiveCfg = Release|x86
		{4B8E48BB-3D08-4A58-B237-3E24929B8AB0}.Ad-Hoc|x86.Build.0 = Release|x86
		{4B8E48BB-3D08-4A58-B237-3E24929B8AB0}.Ad-Hoc|x86.Deploy.0 = Release|x86
		{4B8E48BB-3D08-4A58-B237-3E24929B8AB0}.AppStore|Any CPU.ActiveCfg = Release|Any CPU
		{4B8E48BB-3D08-4A58-B237-3E24929B8AB0}.AppStore|Any CPU.Build.0 = Release|Any CPU
		{4B8E48BB-3D08-4A58-B237-3E24929B8AB0}.AppStore|Any CPU.Deploy.0 = Release|Any CPU
		{4B8E48BB-3D08-4A58-B237-3E24929B8AB0}.AppStore|ARM.ActiveCfg = Release|ARM
		{4B8E48BB-3D08-4A58-B237-3E24929B8AB0}.AppStore|ARM.Build.0 = Release|ARM
		{4B8E48BB-3D08-4A58-B237-3E24929B8AB0}.AppStore|ARM.Deploy.0 = Release|ARM
		{4B8E48BB-3D08-4A58-B237-3E24929B8AB0}.AppStore|iPhone.ActiveCfg = Release|Any CPU
		{4B8E48BB-3D08-4A58-B237-3E24929B8AB0}.AppStore|iPhone.Build.0 = Release|Any CPU
		{4B8E48BB-3D08-4A58-B237-3E24929B8AB0}.AppStore|iPhone.Deploy.0 = Release|Any CPU
		{4B8E48BB-3D08-4A58-B237-3E24929B8AB0}.AppStore|iPhoneSimulator.ActiveCfg = Release|Any CPU
		{4B8E48BB-3D08-4A58-B237-3E24929B8AB0}.AppStore|iPhoneSimulator.Build.0 = Release|Any CPU
		{4B8E48BB-3D08-4A58-B237-3E24929B8AB0}.AppStore|iPhoneSimulator.Deploy.0 = Release|Any CPU
		{4B8E48BB-3D08-4A58-B237-3E24929B8AB0}.AppStore|x64.ActiveCfg = Release|x64
		{4B8E48BB-3D08-4A58-B237-3E24929B8AB0}.AppStore|x64.Build.0 = Release|x64
		{4B8E48BB-3D08-4A58-B237-3E24929B8AB0}.AppStore|x64.Deploy.0 = Release|x64
		{4B8E48BB-3D08-4A58-B237-3E24929B8AB0}.AppStore|x86.ActiveCfg = Release|x86
		{4B8E48BB-3D08-4A58-B237-3E24929B8AB0}.AppStore|x86.Build.0 = Release|x86
		{4B8E48BB-3D08-4A58-B237-3E24929B8AB0}.AppStore|x86.Deploy.0 = Release|x86
		{4B8E48BB-3D08-4A58-B237-3E24929B8AB0}.Debug|Any CPU.ActiveCfg = Debug|Any CPU
		{4B8E48BB-3D08-4A58-B237-3E24929B8AB0}.Debug|Any CPU.Build.0 = Debug|Any CPU
		{4B8E48BB-3D08-4A58-B237-3E24929B8AB0}.Debug|Any CPU.Deploy.0 = Debug|Any CPU
		{4B8E48BB-3D08-4A58-B237-3E24929B8AB0}.Debug|ARM.ActiveCfg = Debug|ARM
		{4B8E48BB-3D08-4A58-B237-3E24929B8AB0}.Debug|ARM.Build.0 = Debug|ARM
		{4B8E48BB-3D08-4A58-B237-3E24929B8AB0}.Debug|ARM.Deploy.0 = Debug|ARM
		{4B8E48BB-3D08-4A58-B237-3E24929B8AB0}.Debug|iPhone.ActiveCfg = Debug|Any CPU
		{4B8E48BB-3D08-4A58-B237-3E24929B8AB0}.Debug|iPhone.Build.0 = Debug|Any CPU
		{4B8E48BB-3D08-4A58-B237-3E24929B8AB0}.Debug|iPhone.Deploy.0 = Debug|Any CPU
		{4B8E48BB-3D08-4A58-B237-3E24929B8AB0}.Debug|iPhoneSimulator.ActiveCfg = Debug|Any CPU
		{4B8E48BB-3D08-4A58-B237-3E24929B8AB0}.Debug|iPhoneSimulator.Build.0 = Debug|Any CPU
		{4B8E48BB-3D08-4A58-B237-3E24929B8AB0}.Debug|iPhoneSimulator.Deploy.0 = Debug|Any CPU
		{4B8E48BB-3D08-4A58-B237-3E24929B8AB0}.Debug|x64.ActiveCfg = Debug|x64
		{4B8E48BB-3D08-4A58-B237-3E24929B8AB0}.Debug|x64.Build.0 = Debug|x64
		{4B8E48BB-3D08-4A58-B237-3E24929B8AB0}.Debug|x64.Deploy.0 = Debug|x64
		{4B8E48BB-3D08-4A58-B237-3E24929B8AB0}.Debug|x86.ActiveCfg = Debug|x86
		{4B8E48BB-3D08-4A58-B237-3E24929B8AB0}.Debug|x86.Build.0 = Debug|x86
		{4B8E48BB-3D08-4A58-B237-3E24929B8AB0}.Debug|x86.Deploy.0 = Debug|x86
		{4B8E48BB-3D08-4A58-B237-3E24929B8AB0}.Release|Any CPU.ActiveCfg = Release|Any CPU
		{4B8E48BB-3D08-4A58-B237-3E24929B8AB0}.Release|Any CPU.Build.0 = Release|Any CPU
		{4B8E48BB-3D08-4A58-B237-3E24929B8AB0}.Release|Any CPU.Deploy.0 = Release|Any CPU
		{4B8E48BB-3D08-4A58-B237-3E24929B8AB0}.Release|ARM.ActiveCfg = Release|ARM
		{4B8E48BB-3D08-4A58-B237-3E24929B8AB0}.Release|ARM.Build.0 = Release|ARM
		{4B8E48BB-3D08-4A58-B237-3E24929B8AB0}.Release|ARM.Deploy.0 = Release|ARM
		{4B8E48BB-3D08-4A58-B237-3E24929B8AB0}.Release|iPhone.ActiveCfg = Release|Any CPU
		{4B8E48BB-3D08-4A58-B237-3E24929B8AB0}.Release|iPhone.Build.0 = Release|Any CPU
		{4B8E48BB-3D08-4A58-B237-3E24929B8AB0}.Release|iPhone.Deploy.0 = Release|Any CPU
		{4B8E48BB-3D08-4A58-B237-3E24929B8AB0}.Release|iPhoneSimulator.ActiveCfg = Release|Any CPU
		{4B8E48BB-3D08-4A58-B237-3E24929B8AB0}.Release|iPhoneSimulator.Build.0 = Release|Any CPU
		{4B8E48BB-3D08-4A58-B237-3E24929B8AB0}.Release|iPhoneSimulator.Deploy.0 = Release|Any CPU
		{4B8E48BB-3D08-4A58-B237-3E24929B8AB0}.Release|x64.ActiveCfg = Release|x64
		{4B8E48BB-3D08-4A58-B237-3E24929B8AB0}.Release|x64.Build.0 = Release|x64
		{4B8E48BB-3D08-4A58-B237-3E24929B8AB0}.Release|x64.Deploy.0 = Release|x64
		{4B8E48BB-3D08-4A58-B237-3E24929B8AB0}.Release|x86.ActiveCfg = Release|x86
		{4B8E48BB-3D08-4A58-B237-3E24929B8AB0}.Release|x86.Build.0 = Release|x86
		{4B8E48BB-3D08-4A58-B237-3E24929B8AB0}.Release|x86.Deploy.0 = Release|x86
	EndGlobalSection
	GlobalSection(SolutionProperties) = preSolution
		HideSolutionNode = FALSE
	EndGlobalSection
EndGlobal
